symfony 12b1875b88456b7b2545760ea2b4d0dcdd00766b
twig 661e9c7ad2820e881c93474f2fbcbe2661fd1970
monolog 20066e28117769ee38fbe974042e975172007a23
doctrine-common 786deeae264ae03061d6aa92c681afa4344f18b9
doctrine-dbal f62b4a5d286dedf228db156d65efe862fa4302b4
doctrine 180dbbad8b3c8724da99a12ffc53a28df0a50b36
swiftmailer c53c8c1ab88c78c463ba65086d93d00193957e94
assetic c05d4c4a9df27d16f710b136b6c590f46b430870
twig-extensions 6b0cc16934b6e62ef07c8d2e59f9f13ff3193d3d
metadata 72f11b8ed7725f76a6bcb41d94dc25190b5283f8
SensioFrameworkExtraBundle bced40d4d123f5171f888d6e56bb638b8c2a5e57
JMSSecurityExtraBundle 936892c9735f76037393639f1410773715bf403c
SensioDistributionBundle 03cc2ae87becc98c368438a3d14f2b4954be06f7
SensioGeneratorBundle 1b59f604c56480b3ac06b0e79742244e958089c0
AsseticBundle 9c1b7269a4517d1ae94af2dc0d6d6fc4b31e6c10
gedmo-doctrine-extensions 8c48066132ec3a122c61b6d17f6ac58685661970
imagine 2c0b1d681d6c5ea71b4735953c3b553e82b334d1
FOSUserBundle a0bc260c4f6641c26aab0e517d9907d500ece9e4
AvalancheImagineBundle 4cde79ed31285756d4fbcb963e96e24b50422ec9
KnpPaginatorBundle bc53101d8a3e52d799e0fb04de9e44d6f5ac2599
KnpMenuBundle 916bb35bff009d7b029468372573dbd99befad1f
SonatajQueryBundle cb7039bd694711e17b4db675434eb4ab8bc65d95
SonataBluePrintBundle 3afb460b93d5e5933ff95b723d239b9864dc5e84
SonataAdminBundle e0fe30f5f1c20c5a00c5516a295f1c05ef2fc6ca
SonataNewsBundle 30c6c7317f76b8dd4f5796b1c3650a4ac4821d5f