symfony 0753f86dc1b1edc7b23f3e0b5ccea60b9923e338
twig 661e9c7ad2820e881c93474f2fbcbe2661fd1970
monolog cf247ca0ac8dc11a4172d39cebdc3b1f711b942b
doctrine-common 6480ae6b5c3bc668bfd284f367210657d854e12e
doctrine-dbal 4981b302c36cc9c2a305b8d80b75b8b114d497c9
doctrine 024b7b7cb6a11aa8c7fd753bf955f33c2fbc3054
swiftmailer c53c8c1ab88c78c463ba65086d93d00193957e94
assetic ff2cc17175addf307d40141198968530280693db
twig-extensions 6b0cc16934b6e62ef07c8d2e59f9f13ff3193d3d
metadata aa04872c6f0e2b32128b62dd075e8cf97a8d93da
SensioFrameworkExtraBundle 4202abea19fd143434be4cb276da5b3811bd60d5
JMSSecurityExtraBundle 936892c9735f76037393639f1410773715bf403c
SensioDistributionBundle 03cc2ae87becc98c368438a3d14f2b4954be06f7
SensioGeneratorBundle 39a54993fc26a6e29ea15877463d7305e93ba2e3
AsseticBundle bf7ee477c1192cb8f7e27697be0b5cd263b9015d
gedmo-doctrine-extensions aced2d8a15a53125467c06f218f95f795cd3354e
imagine cc18a18dd4c450758695eeca0f8194b238c1a297
FOSUserBundle 842dc9a9e6944565713090ab370fa7ff6c7baca1
AvalancheImagineBundle 4cde79ed31285756d4fbcb963e96e24b50422ec9
