symfony f562e608097fc9f4fe57461c095d4598559632dd
twig 661e9c7ad2820e881c93474f2fbcbe2661fd1970
monolog 7e0f4ef70e6f66326b4899d1929ed603f9373f2f
doctrine-common 00927a587c5b483f98d93a3af0a11a0a6c4ee419
doctrine-dbal 4981b302c36cc9c2a305b8d80b75b8b114d497c9
doctrine 024b7b7cb6a11aa8c7fd753bf955f33c2fbc3054
swiftmailer 3304927fe86466534a4a3e14a4741bda64a0eaef
assetic ff2cc17175addf307d40141198968530280693db
twig-extensions 6b0cc16934b6e62ef07c8d2e59f9f13ff3193d3d
metadata aa04872c6f0e2b32128b62dd075e8cf97a8d93da
SensioFrameworkExtraBundle d36c60b4b1f47081476742d4aae39d4a5c9f4272
JMSSecurityExtraBundle 936892c9735f76037393639f1410773715bf403c
SensioDistributionBundle 868d8db9ca3ae41d5d6e74f3db708eb5970bc478
SensioGeneratorBundle a3804aa0d3ca6574069670cd77ed84ef1976129f
AsseticBundle bf7ee477c1192cb8f7e27697be0b5cd263b9015d
gedmo-doctrine-extensions 3dc564c16bd2e3cdc705d5cb18b220458a506ed0
imagine cc18a18dd4c450758695eeca0f8194b238c1a297
FOSUserBundle eb901df68abeb3b5040c7b9f974ebee2f2aac6de
AvalancheImagineBundle d3bf837b1c644dae5919ea61fa5b4e6fc8d782ad
StofDoctrineExtensionsBundle a075de877ce8c1cb13116f4e3d8ae9bb5225b7b2